
Microsoft Visual Studio Solution File, Format Version 12.00
# Visual Studio Version 16
VisualStudioVersion = 16.0.30907.101
MinimumVisualStudioVersion = 10.0.40219.1
Project("{FAE04EC0-301F-11D3-BF4B-00C04F79EFBC}") = "Presentation", "Presentation\Presentation\Presentation.csproj", "{F233A814-745D-4971-B7C0-086A0B4533FD}"
EndProject
Global
	GlobalSection(SolutionConfigurationPlatforms) = preSolution
		Debug|Any CPU = Debug|Any CPU
		Release|Any CPU = Release|Any CPU
	EndGlobalSection
	GlobalSection(ProjectConfigurationPlatforms) = postSolution
		{F233A814-745D-4971-B7C0-086A0B4533FD}.Debug|Any CPU.ActiveCfg = Debug|Any CPU
		{F233A814-745D-4971-B7C0-086A0B4533FD}.Debug|Any CPU.Build.0 = Debug|Any CPU
		{F233A814-745D-4971-B7C0-086A0B4533FD}.Release|Any CPU.ActiveCfg = Release|Any CPU
		{F233A814-745D-4971-B7C0-086A0B4533FD}.Release|Any CPU.Build.0 = Release|Any CPU
	EndGlobalSection
	GlobalSection(SolutionProperties) = preSolution
		HideSolutionNode = FALSE
	EndGlobalSection
	GlobalSection(ExtensibilityGlobals) = postSolution
		SolutionGuid = {9C830347-6AB7-4F78-8AD0-7E2ED27FA586}
	EndGlobalSection
EndGlobal
